
Microsoft Visual Studio Solution File, Format Version 12.00
# Visual Studio Version 17
VisualStudioVersion = 17.14.36221.1 d17.14
MinimumVisualStudioVersion = 10.0.40219.1
Project("{FAE04EC0-301F-11D3-BF4B-00C04F79EFBC}") = "EnfAssigment02", "EnfAssigment02\EnfAssigment02.csproj", "{D57739DB-6B32-464E-AF0E-F7E2512FD5F7}"
EndProject
Global
	GlobalSection(SolutionConfigurationPlatforms) = preSolution
		Debug|Any CPU = Debug|Any CPU
		Release|Any CPU = Release|Any CPU
	EndGlobalSection
	GlobalSection(ProjectConfigurationPlatforms) = postSolution
		{D57739DB-6B32-464E-AF0E-F7E2512FD5F7}.Debug|Any CPU.ActiveCfg = Debug|Any CPU
		{D57739DB-6B32-464E-AF0E-F7E2512FD5F7}.Debug|Any CPU.Build.0 = Debug|Any CPU
		{D57739DB-6B32-464E-AF0E-F7E2512FD5F7}.Release|Any CPU.ActiveCfg = Release|Any CPU
		{D57739DB-6B32-464E-AF0E-F7E2512FD5F7}.Release|Any CPU.Build.0 = Release|Any CPU
	EndGlobalSection
	GlobalSection(SolutionProperties) = preSolution
		HideSolutionNode = FALSE
	EndGlobalSection
	GlobalSection(ExtensibilityGlobals) = postSolution
		SolutionGuid = {576DFEDB-FD3F-497E-8AA7-9D2EBAC4847B}
	EndGlobalSection
EndGlobal
